{
  "name": "hancaption-qa",
  "version": "0.1.1",
  "lockfileVersion": 3,
  "requires": true,
  "packages": {
    "": {
      "name": "hancaption-qa",
      "version": "0.1.1",
      "license": "Apache-2.0",
      "bin": {
        "hancaption": "src/cli.js"
      },
      "engines": {
        "node": ">=20"
      }
    }
  }
}
